
Microsoft Visual Studio Solution File, Format Version 12.00
# Visual Studio Version 17
VisualStudioVersion = 17.1.32421.90
MinimumVisualStudioVersion = 10.0.40219.1
Project("{9A19103F-16F7-4668-BE54-9A1E7A4F7556}") = "ProfileTest", "ProfileTest.csproj", "{DF740851-E0E0-4D64-8EAF-B1F262383C86}"
EndProject
Project("{2150E333-8FDC-42A3-9474-1A3956D46DE8}") = "Solution Items", "Solution Items", "{4816162E-3F2D-498C-9C07-238F8B58A3B5}"
	ProjectSection(SolutionItems) = preProject
		.editorconfig = .editorconfig
	EndProjectSection
EndProject
Global
	GlobalSection(SolutionConfigurationPlatforms) = preSolution
		Debug|Any CPU = Debug|Any CPU
		Release|Any CPU = Release|Any CPU
	EndGlobalSection
	GlobalSection(ProjectConfigurationPlatforms) = postSolution
		{DF740851-E0E0-4D64-8EAF-B1F262383C86}.Debug|Any CPU.ActiveCfg = Debug|Any CPU
		{DF740851-E0E0-4D64-8EAF-B1F262383C86}.Debug|Any CPU.Build.0 = Debug|Any CPU
		{DF740851-E0E0-4D64-8EAF-B1F262383C86}.Release|Any CPU.ActiveCfg = Release|Any CPU
		{DF740851-E0E0-4D64-8EAF-B1F262383C86}.Release|Any CPU.Build.0 = Release|Any CPU
	EndGlobalSection
	GlobalSection(SolutionProperties) = preSolution
		HideSolutionNode = FALSE
	EndGlobalSection
	GlobalSection(ExtensibilityGlobals) = postSolution
		SolutionGuid = {270FFED2-FC34-47F5-BFE9-58B26D7AEBEA}
	EndGlobalSection
EndGlobal
